
Microsoft Visual Studio Solution File, Format Version 12.00
# Visual Studio Version 18
VisualStudioVersion = 18.0.11018.127 d18.0
MinimumVisualStudioVersion = 10.0.40219.1
Project("{FAE04EC0-301F-11D3-BF4B-00C04F79EFBC}") = "ShopApiPostgreSQL", "ShopApiPostgreSQL\ShopApiPostgreSQL.csproj", "{724D234D-98D9-FF8E-2C65-E571D3F1D416}"
EndProject
Global
	GlobalSection(SolutionConfigurationPlatforms) = preSolution
		Debug|Any CPU = Debug|Any CPU
		Release|Any CPU = Release|Any CPU
	EndGlobalSection
	GlobalSection(ProjectConfigurationPlatforms) = postSolution
		{724D234D-98D9-FF8E-2C65-E571D3F1D416}.Debug|Any CPU.ActiveCfg = Debug|Any CPU
		{724D234D-98D9-FF8E-2C65-E571D3F1D416}.Debug|Any CPU.Build.0 = Debug|Any CPU
		{724D234D-98D9-FF8E-2C65-E571D3F1D416}.Release|Any CPU.ActiveCfg = Release|Any CPU
		{724D234D-98D9-FF8E-2C65-E571D3F1D416}.Release|Any CPU.Build.0 = Release|Any CPU
	EndGlobalSection
	GlobalSection(SolutionProperties) = preSolution
		HideSolutionNode = FALSE
	EndGlobalSection
	GlobalSection(ExtensibilityGlobals) = postSolution
		SolutionGuid = {72764580-D95D-4A72-946B-09ED82F8F6AF}
	EndGlobalSection
EndGlobal
